
Microsoft Visual Studio Solution File, Format Version 12.00
# Visual Studio Version 16
VisualStudioVersion = 16.0.30114.105
MinimumVisualStudioVersion = 10.0.40219.1
Project("{FAE04EC0-301F-11D3-BF4B-00C04F79EFBC}") = "DelegationSample2", "DelegationSample2\DelegationSample2.csproj", "{452A4E68-E19F-43CC-86CD-09DD09A92D6F}"
EndProject
Global
	GlobalSection(SolutionConfigurationPlatforms) = preSolution
		Debug|Any CPU = Debug|Any CPU
		Release|Any CPU = Release|Any CPU
	EndGlobalSection
	GlobalSection(ProjectConfigurationPlatforms) = postSolution
		{452A4E68-E19F-43CC-86CD-09DD09A92D6F}.Debug|Any CPU.ActiveCfg = Debug|Any CPU
		{452A4E68-E19F-43CC-86CD-09DD09A92D6F}.Debug|Any CPU.Build.0 = Debug|Any CPU
		{452A4E68-E19F-43CC-86CD-09DD09A92D6F}.Release|Any CPU.ActiveCfg = Release|Any CPU
		{452A4E68-E19F-43CC-86CD-09DD09A92D6F}.Release|Any CPU.Build.0 = Release|Any CPU
	EndGlobalSection
	GlobalSection(SolutionProperties) = preSolution
		HideSolutionNode = FALSE
	EndGlobalSection
	GlobalSection(ExtensibilityGlobals) = postSolution
		SolutionGuid = {395B80D7-0654-4B4B-92E7-AAC0454AB944}
	EndGlobalSection
EndGlobal
